
Microsoft Visual Studio Solution File, Format Version 12.00
# Visual Studio Version 17
VisualStudioVersion = 17.1.32328.378
MinimumVisualStudioVersion = 10.0.40219.1
Project("{FAE04EC0-301F-11D3-BF4B-00C04F79EFBC}") = "MLSearchASP", "MLSearchASP\MLSearchASP.csproj", "{B05DB850-CC11-4B8B-853C-0D632FF4F82B}"
EndProject
Global
	GlobalSection(SolutionConfigurationPlatforms) = preSolution
		Debug|Any CPU = Debug|Any CPU
		Release|Any CPU = Release|Any CPU
	EndGlobalSection
	GlobalSection(ProjectConfigurationPlatforms) = postSolution
		{B05DB850-CC11-4B8B-853C-0D632FF4F82B}.Debug|Any CPU.ActiveCfg = Debug|Any CPU
		{B05DB850-CC11-4B8B-853C-0D632FF4F82B}.Debug|Any CPU.Build.0 = Debug|Any CPU
		{B05DB850-CC11-4B8B-853C-0D632FF4F82B}.Release|Any CPU.ActiveCfg = Release|Any CPU
		{B05DB850-CC11-4B8B-853C-0D632FF4F82B}.Release|Any CPU.Build.0 = Release|Any CPU
	EndGlobalSection
	GlobalSection(SolutionProperties) = preSolution
		HideSolutionNode = FALSE
	EndGlobalSection
	GlobalSection(ExtensibilityGlobals) = postSolution
		SolutionGuid = {B1922B38-84B7-492F-86BF-79EA9D177F1A}
	EndGlobalSection
EndGlobal
