{
  "name": "MLSearchASP",
  "lockfileVersion": 2,
  "requires": true,
  "packages": {
    "": {
      "dependencies": {
        "flag-icons": "^6.6.3"
      }
    },
    "node_modules/flag-icons": {
      "version": "6.6.3",
      "resolved": "https://registry.npmjs.org/flag-icons/-/flag-icons-6.6.3.tgz",
      "integrity": "sha512-MXkQ6TQVdjHir8fNE2YEoxyJZh7B2AZLPBr5AnJCzdOEY982Q8Lczy5MUay3OFh1ZofEhuIIPQGRADE42N1B6w=="
    }
  },
  "dependencies": {
    "flag-icons": {
      "version": "6.6.3",
      "resolved": "https://registry.npmjs.org/flag-icons/-/flag-icons-6.6.3.tgz",
      "integrity": "sha512-MXkQ6TQVdjHir8fNE2YEoxyJZh7B2AZLPBr5AnJCzdOEY982Q8Lczy5MUay3OFh1ZofEhuIIPQGRADE42N1B6w=="
    }
  }
}
